
Microsoft Visual Studio Solution File, Format Version 12.00
# Visual Studio Version 17
VisualStudioVersion = 17.14.35906.104 d17.14
MinimumVisualStudioVersion = 10.0.40219.1
Project("{FAE04EC0-301F-11D3-BF4B-00C04F79EFBC}") = "ReservationDemo", "ReservationDemo\ReservationDemo.csproj", "{9B0BBA15-B2CD-42F4-B1C4-14653B59AF1F}"
EndProject
Global
	GlobalSection(SolutionConfigurationPlatforms) = preSolution
		Debug|Any CPU = Debug|Any CPU
		Release|Any CPU = Release|Any CPU
	EndGlobalSection
	GlobalSection(ProjectConfigurationPlatforms) = postSolution
		{9B0BBA15-B2CD-42F4-B1C4-14653B59AF1F}.Debug|Any CPU.ActiveCfg = Debug|Any CPU
		{9B0BBA15-B2CD-42F4-B1C4-14653B59AF1F}.Debug|Any CPU.Build.0 = Debug|Any CPU
		{9B0BBA15-B2CD-42F4-B1C4-14653B59AF1F}.Release|Any CPU.ActiveCfg = Release|Any CPU
		{9B0BBA15-B2CD-42F4-B1C4-14653B59AF1F}.Release|Any CPU.Build.0 = Release|Any CPU
	EndGlobalSection
	GlobalSection(SolutionProperties) = preSolution
		HideSolutionNode = FALSE
	EndGlobalSection
	GlobalSection(ExtensibilityGlobals) = postSolution
		SolutionGuid = {14FD1806-05C0-43C9-85C3-E6C6CE1BE977}
	EndGlobalSection
EndGlobal
